
Microsoft Visual Studio Solution File, Format Version 12.00
# Visual Studio Version 16
VisualStudioVersion = 16.0.29911.84
MinimumVisualStudioVersion = 10.0.40219.1
Project("{FAE04EC0-301F-11D3-BF4B-00C04F79EFBC}") = "BibliotecaUPN.Web", "BibliotecaUPN.Web\BibliotecaUPN.Web.csproj", "{2024BD2B-5897-4C36-AB3A-738F23148507}"
EndProject
Project("{FAE04EC0-301F-11D3-BF4B-00C04F79EFBC}") = "BibliotecaUPN.Test", "BibliotecaUPN.Test\BibliotecaUPN.Test.csproj", "{A26C48F9-DEC9-4C73-A66D-5CB455F6E69B}"
EndProject
Global
	GlobalSection(SolutionConfigurationPlatforms) = preSolution
		Debug|Any CPU = Debug|Any CPU
		Release|Any CPU = Release|Any CPU
	EndGlobalSection
	GlobalSection(ProjectConfigurationPlatforms) = postSolution
		{2024BD2B-5897-4C36-AB3A-738F23148507}.Debug|Any CPU.ActiveCfg = Debug|Any CPU
		{2024BD2B-5897-4C36-AB3A-738F23148507}.Debug|Any CPU.Build.0 = Debug|Any CPU
		{2024BD2B-5897-4C36-AB3A-738F23148507}.Release|Any CPU.ActiveCfg = Release|Any CPU
		{2024BD2B-5897-4C36-AB3A-738F23148507}.Release|Any CPU.Build.0 = Release|Any CPU
		{A26C48F9-DEC9-4C73-A66D-5CB455F6E69B}.Debug|Any CPU.ActiveCfg = Debug|Any CPU
		{A26C48F9-DEC9-4C73-A66D-5CB455F6E69B}.Debug|Any CPU.Build.0 = Debug|Any CPU
		{A26C48F9-DEC9-4C73-A66D-5CB455F6E69B}.Release|Any CPU.ActiveCfg = Release|Any CPU
		{A26C48F9-DEC9-4C73-A66D-5CB455F6E69B}.Release|Any CPU.Build.0 = Release|Any CPU
	EndGlobalSection
	GlobalSection(SolutionProperties) = preSolution
		HideSolutionNode = FALSE
	EndGlobalSection
	GlobalSection(ExtensibilityGlobals) = postSolution
		SolutionGuid = {33674DEF-A1BB-4A01-95FA-F09A9120B31F}
	EndGlobalSection
EndGlobal
